
Microsoft Visual Studio Solution File, Format Version 12.00
# Visual Studio Version 16
VisualStudioVersion = 16.0.29920.165
MinimumVisualStudioVersion = 10.0.40219.1
Project("{9A19103F-16F7-4668-BE54-9A1E7A4F7556}") = "LeilaoWeb.Data", "src\LeilaoWeb.Data\LeilaoWeb.Data.csproj", "{9DB3B4B3-97A4-4B3E-85EE-4D1DF63E52F0}"
EndProject
Project("{9A19103F-16F7-4668-BE54-9A1E7A4F7556}") = "LeilaoWeb.Business", "src\LeilaoWeb.Business\LeilaoWeb.Business.csproj", "{02DEA977-42A8-41BB-B9ED-EC273A45FA14}"
EndProject
Project("{9A19103F-16F7-4668-BE54-9A1E7A4F7556}") = "LeilaoWeb.Api", "src\LeilaoWeb.Api\LeilaoWeb.Api.csproj", "{317D0D85-62B0-4CAD-A6C0-3B776CA5CBBE}"
EndProject
Global
	GlobalSection(SolutionConfigurationPlatforms) = preSolution
		Debug|Any CPU = Debug|Any CPU
		Release|Any CPU = Release|Any CPU
	EndGlobalSection
	GlobalSection(ProjectConfigurationPlatforms) = postSolution
		{9DB3B4B3-97A4-4B3E-85EE-4D1DF63E52F0}.Debug|Any CPU.ActiveCfg = Debug|Any CPU
		{9DB3B4B3-97A4-4B3E-85EE-4D1DF63E52F0}.Debug|Any CPU.Build.0 = Debug|Any CPU
		{9DB3B4B3-97A4-4B3E-85EE-4D1DF63E52F0}.Release|Any CPU.ActiveCfg = Release|Any CPU
		{9DB3B4B3-97A4-4B3E-85EE-4D1DF63E52F0}.Release|Any CPU.Build.0 = Release|Any CPU
		{02DEA977-42A8-41BB-B9ED-EC273A45FA14}.Debug|Any CPU.ActiveCfg = Debug|Any CPU
		{02DEA977-42A8-41BB-B9ED-EC273A45FA14}.Debug|Any CPU.Build.0 = Debug|Any CPU
		{02DEA977-42A8-41BB-B9ED-EC273A45FA14}.Release|Any CPU.ActiveCfg = Release|Any CPU
		{02DEA977-42A8-41BB-B9ED-EC273A45FA14}.Release|Any CPU.Build.0 = Release|Any CPU
		{317D0D85-62B0-4CAD-A6C0-3B776CA5CBBE}.Debug|Any CPU.ActiveCfg = Debug|Any CPU
		{317D0D85-62B0-4CAD-A6C0-3B776CA5CBBE}.Debug|Any CPU.Build.0 = Debug|Any CPU
		{317D0D85-62B0-4CAD-A6C0-3B776CA5CBBE}.Release|Any CPU.ActiveCfg = Release|Any CPU
		{317D0D85-62B0-4CAD-A6C0-3B776CA5CBBE}.Release|Any CPU.Build.0 = Release|Any CPU
	EndGlobalSection
	GlobalSection(SolutionProperties) = preSolution
		HideSolutionNode = FALSE
	EndGlobalSection
	GlobalSection(ExtensibilityGlobals) = postSolution
		SolutionGuid = {B75E4506-E6D4-474E-B21E-1C536FB69281}
	EndGlobalSection
EndGlobal
